
Microsoft Visual Studio Solution File, Format Version 12.00
# Visual Studio Version 16
VisualStudioVersion = 16.0.31624.102
MinimumVisualStudioVersion = 10.0.40219.1
Project("{FAE04EC0-301F-11D3-BF4B-00C04F79EFBC}") = "projekt_kasa", "projekt_kasa\projekt_kasa.csproj", "{DED660EA-AF45-419D-9402-4E966232DF06}"
EndProject
Global
	GlobalSection(SolutionConfigurationPlatforms) = preSolution
		Debug|Any CPU = Debug|Any CPU
		Release|Any CPU = Release|Any CPU
	EndGlobalSection
	GlobalSection(ProjectConfigurationPlatforms) = postSolution
		{DED660EA-AF45-419D-9402-4E966232DF06}.Debug|Any CPU.ActiveCfg = Debug|Any CPU
		{DED660EA-AF45-419D-9402-4E966232DF06}.Debug|Any CPU.Build.0 = Debug|Any CPU
		{DED660EA-AF45-419D-9402-4E966232DF06}.Release|Any CPU.ActiveCfg = Release|Any CPU
		{DED660EA-AF45-419D-9402-4E966232DF06}.Release|Any CPU.Build.0 = Release|Any CPU
	EndGlobalSection
	GlobalSection(SolutionProperties) = preSolution
		HideSolutionNode = FALSE
	EndGlobalSection
	GlobalSection(ExtensibilityGlobals) = postSolution
		SolutionGuid = {11B99BD1-F465-4EB0-BEEF-AFA00138A288}
	EndGlobalSection
EndGlobal
